
Microsoft Visual Studio Solution File, Format Version 12.00
# Visual Studio Version 16
VisualStudioVersion = 16.0.31105.61
MinimumVisualStudioVersion = 10.0.40219.1
Project("{9A19103F-16F7-4668-BE54-9A1E7A4F7556}") = "Chynayeua90331", "Chynayeua90331\Chynayeua90331.csproj", "{79F8CA6F-C99D-4732-B829-07E51EEC1AF6}"
EndProject
Project("{9A19103F-16F7-4668-BE54-9A1E7A4F7556}") = "Chynayeua90331.DAL", "Chynayeua90331.DAL\Chynayeua90331.DAL.csproj", "{5AD0EA5A-AA7B-4E58-B6A3-1B3C72C0F09D}"
EndProject
Project("{9A19103F-16F7-4668-BE54-9A1E7A4F7556}") = "Chynayeua90331.Tests", "Chynayeua90331.Tests\Chynayeua90331.Tests.csproj", "{9D7FFF29-D57E-4B46-9A8E-A392E8F65C8C}"
EndProject
Project("{9A19103F-16F7-4668-BE54-9A1E7A4F7556}") = "Chynayeua90331.Blazor", "Chynayeua90331.Blazor\Chynayeua90331.Blazor.csproj", "{D4EAAF09-CB13-4C43-8647-906ADD0CA82D}"
EndProject
Project("{9A19103F-16F7-4668-BE54-9A1E7A4F7556}") = "Chynayeua90331.Exam", "Chynayeua90331.Exam\Chynayeua90331.Exam.csproj", "{C50EED46-F93E-4331-B195-E0E22E2F7798}"
EndProject
Project("{9A19103F-16F7-4668-BE54-9A1E7A4F7556}") = "Chynayeua90331.Exam.DAL", "Chynayeua90331.Exam.DAL\Chynayeua90331.Exam.DAL.csproj", "{0C2BFE5D-ACD9-4C35-8A89-B86FF6554ADC}"
EndProject
Global
	GlobalSection(SolutionConfigurationPlatforms) = preSolution
		Debug|Any CPU = Debug|Any CPU
		Release|Any CPU = Release|Any CPU
	EndGlobalSection
	GlobalSection(ProjectConfigurationPlatforms) = postSolution
		{79F8CA6F-C99D-4732-B829-07E51EEC1AF6}.Debug|Any CPU.ActiveCfg = Debug|Any CPU
		{79F8CA6F-C99D-4732-B829-07E51EEC1AF6}.Debug|Any CPU.Build.0 = Debug|Any CPU
		{79F8CA6F-C99D-4732-B829-07E51EEC1AF6}.Release|Any CPU.ActiveCfg = Release|Any CPU
		{79F8CA6F-C99D-4732-B829-07E51EEC1AF6}.Release|Any CPU.Build.0 = Release|Any CPU
		{5AD0EA5A-AA7B-4E58-B6A3-1B3C72C0F09D}.Debug|Any CPU.ActiveCfg = Debug|Any CPU
		{5AD0EA5A-AA7B-4E58-B6A3-1B3C72C0F09D}.Debug|Any CPU.Build.0 = Debug|Any CPU
		{5AD0EA5A-AA7B-4E58-B6A3-1B3C72C0F09D}.Release|Any CPU.ActiveCfg = Release|Any CPU
		{5AD0EA5A-AA7B-4E58-B6A3-1B3C72C0F09D}.Release|Any CPU.Build.0 = Release|Any CPU
		{9D7FFF29-D57E-4B46-9A8E-A392E8F65C8C}.Debug|Any CPU.ActiveCfg = Debug|Any CPU
		{9D7FFF29-D57E-4B46-9A8E-A392E8F65C8C}.Debug|Any CPU.Build.0 = Debug|Any CPU
		{9D7FFF29-D57E-4B46-9A8E-A392E8F65C8C}.Release|Any CPU.ActiveCfg = Release|Any CPU
		{9D7FFF29-D57E-4B46-9A8E-A392E8F65C8C}.Release|Any CPU.Build.0 = Release|Any CPU
		{D4EAAF09-CB13-4C43-8647-906ADD0CA82D}.Debug|Any CPU.ActiveCfg = Debug|Any CPU
		{D4EAAF09-CB13-4C43-8647-906ADD0CA82D}.Debug|Any CPU.Build.0 = Debug|Any CPU
		{D4EAAF09-CB13-4C43-8647-906ADD0CA82D}.Release|Any CPU.ActiveCfg = Release|Any CPU
		{D4EAAF09-CB13-4C43-8647-906ADD0CA82D}.Release|Any CPU.Build.0 = Release|Any CPU
		{C50EED46-F93E-4331-B195-E0E22E2F7798}.Debug|Any CPU.ActiveCfg = Debug|Any CPU
		{C50EED46-F93E-4331-B195-E0E22E2F7798}.Debug|Any CPU.Build.0 = Debug|Any CPU
		{C50EED46-F93E-4331-B195-E0E22E2F7798}.Release|Any CPU.ActiveCfg = Release|Any CPU
		{C50EED46-F93E-4331-B195-E0E22E2F7798}.Release|Any CPU.Build.0 = Release|Any CPU
		{0C2BFE5D-ACD9-4C35-8A89-B86FF6554ADC}.Debug|Any CPU.ActiveCfg = Debug|Any CPU
		{0C2BFE5D-ACD9-4C35-8A89-B86FF6554ADC}.Debug|Any CPU.Build.0 = Debug|Any CPU
		{0C2BFE5D-ACD9-4C35-8A89-B86FF6554ADC}.Release|Any CPU.ActiveCfg = Release|Any CPU
		{0C2BFE5D-ACD9-4C35-8A89-B86FF6554ADC}.Release|Any CPU.Build.0 = Release|Any CPU
	EndGlobalSection
	GlobalSection(SolutionProperties) = preSolution
		HideSolutionNode = FALSE
	EndGlobalSection
	GlobalSection(ExtensibilityGlobals) = postSolution
		SolutionGuid = {961AB090-9116-4D63-AC7C-92FBF5A4327C}
	EndGlobalSection
EndGlobal
